
Microsoft Visual Studio Solution File, Format Version 12.00
# Visual Studio Version 16
VisualStudioVersion = 16.0.30503.244
MinimumVisualStudioVersion = 10.0.40219.1
Project("{FAE04EC0-301F-11D3-BF4B-00C04F79EFBC}") = "lab1-a", "lab1-a\lab1-a.csproj", "{67552056-402F-41C4-A0D6-822F6909EC4E}"
EndProject
Global
	GlobalSection(SolutionConfigurationPlatforms) = preSolution
		Debug|Any CPU = Debug|Any CPU
		Release|Any CPU = Release|Any CPU
	EndGlobalSection
	GlobalSection(ProjectConfigurationPlatforms) = postSolution
		{67552056-402F-41C4-A0D6-822F6909EC4E}.Debug|Any CPU.ActiveCfg = Debug|Any CPU
		{67552056-402F-41C4-A0D6-822F6909EC4E}.Debug|Any CPU.Build.0 = Debug|Any CPU
		{67552056-402F-41C4-A0D6-822F6909EC4E}.Release|Any CPU.ActiveCfg = Release|Any CPU
		{67552056-402F-41C4-A0D6-822F6909EC4E}.Release|Any CPU.Build.0 = Release|Any CPU
	EndGlobalSection
	GlobalSection(SolutionProperties) = preSolution
		HideSolutionNode = FALSE
	EndGlobalSection
	GlobalSection(ExtensibilityGlobals) = postSolution
		SolutionGuid = {152F6DB0-095B-422E-95FA-6D406602E4F5}
	EndGlobalSection
EndGlobal
